// !$*UTF8*$!
{
	archiveVersion = 1;
	classes = {
	};
	objectVersion = 46;
	objects = {

/* Begin PBXBuildFile section */
		0400C0E41CACD51100DEF862 /* config.xml in Resources */ = {isa = PBXBuildFile; fileRef = 0400C0E31CACD51100DEF862 /* config.xml */; };
		0400C0E91CACD84200DEF862 /* libCordova.a in Frameworks */ = {isa = PBXBuildFile; fileRef = 0400C0CD1CACD2CD00DEF862 /* libCordova.a */; };
		0400C0EB1CACD84D00DEF862 /* MobileCoreServices.framework in Frameworks */ = {isa = PBXBuildFile; fileRef = 0400C0EA1CACD84D00DEF862 /* MobileCoreServices.framework */; };
		0400C0ED1CACD85600DEF862 /* AssetsLibrary.framework in Frameworks */ = {isa = PBXBuildFile; fileRef = 0400C0EC1CACD85600DEF862 /* AssetsLibrary.framework */; };
		0400C11C1CACF15100DEF862 /* GetAccountPlugin.m in Sources */ = {isa = PBXBuildFile; fileRef = 0400C11B1CACF15100DEF862 /* GetAccountPlugin.m */; };
		0400C1231CACF28D00DEF862 /* www in Resources */ = {isa = PBXBuildFile; fileRef = 0400C1221CACF28D00DEF862 /* www */; };
		043322CE1CABC7F600E2A1CA /* main.m in Sources */ = {isa = PBXBuildFile; fileRef = 043322CD1CABC7F600E2A1CA /* main.m */; };
		043322D11CABC7F600E2A1CA /* AppDelegate.m in Sources */ = {isa = PBXBuildFile; fileRef = 043322D01CABC7F600E2A1CA /* AppDelegate.m */; };
		043322D41CABC7F600E2A1CA /* ViewController.m in Sources */ = {isa = PBXBuildFile; fileRef = 043322D31CABC7F600E2A1CA /* ViewController.m */; };
		043322D71CABC7F600E2A1CA /* Main.storyboard in Resources */ = {isa = PBXBuildFile; fileRef = 043322D51CABC7F600E2A1CA /* Main.storyboard */; };
		043322D91CABC7F600E2A1CA /* Assets.xcassets in Resources */ = {isa = PBXBuildFile; fileRef = 043322D81CABC7F600E2A1CA /* Assets.xcassets */; };
		043322DC1CABC7F600E2A1CA /* LaunchScreen.storyboard in Resources */ = {isa = PBXBuildFile; fileRef = 043322DA1CABC7F600E2A1CA /* LaunchScreen.storyboard */; };
		043322E71CABC7F600E2A1CA /* CordovaLearnTests.m in Sources */ = {isa = PBXBuildFile; fileRef = 043322E61CABC7F600E2A1CA /* CordovaLearnTests.m */; };
		043322F21CABC7F600E2A1CA /* CordovaLearnUITests.m in Sources */ = {isa = PBXBuildFile; fileRef = 043322F11CABC7F600E2A1CA /* CordovaLearnUITests.m */; };
/* End PBXBuildFile section */

/* Begin PBXContainerItemProxy section */
		0400C0CC1CACD2CD00DEF862 /* PBXContainerItemProxy */ = {
			isa = PBXContainerItemProxy;
			containerPortal = 0400C0C81CACD2CD00DEF862 /* CordovaLib.xcodeproj */;
			proxyType = 2;
			remoteGlobalIDString = 68A32D7114102E1C006B237C;
			remoteInfo = CordovaLib;
		};
		0400C0E71CACD83100DEF862 /* PBXContainerItemProxy */ = {
			isa = PBXContainerItemProxy;
			containerPortal = 0400C0C81CACD2CD00DEF862 /* CordovaLib.xcodeproj */;
			proxyType = 1;
			remoteGlobalIDString = D2AAC07D0554694100DB518D;
			remoteInfo = CordovaLib;
		};
		043322E31CABC7F600E2A1CA /* PBXContainerItemProxy */ = {
			isa = PBXContainerItemProxy;
			containerPortal = 043322C11CABC7F600E2A1CA /* Project object */;
			proxyType = 1;
			remoteGlobalIDString = 043322C81CABC7F600E2A1CA;
			remoteInfo = CordovaLearn;
		};
		043322EE1CABC7F600E2A1CA /* PBXContainerItemProxy */ = {
			isa = PBXContainerItemProxy;
			containerPortal = 043322C11CABC7F600E2A1CA /* Project object */;
			proxyType = 1;
			remoteGlobalIDString = 043322C81CABC7F600E2A1CA;
			remoteInfo = CordovaLearn;
		};
/* End PBXContainerItemProxy section */

/* Begin PBXFileReference section */
		0400C0C81CACD2CD00DEF862 /* CordovaLib.xcodeproj */ = {isa = PBXFileReference; lastKnownFileType = "wrapper.pb-project"; name = CordovaLib.xcodeproj; path = CordovaLib/CordovaLib.xcodeproj; sourceTree = "<group>"; };
		0400C0E31CACD51100DEF862 /* config.xml */ = {isa = PBXFileReference; fileEncoding = 4; lastKnownFileType = text.xml; path = config.xml; sourceTree = "<group>"; };
		0400C0EA1CACD84D00DEF862 /* MobileCoreServices.framework */ = {isa = PBXFileReference; lastKnownFileType = wrapper.framework; name = MobileCoreServices.framework; path = System/Library/Frameworks/MobileCoreServices.framework; sourceTree = SDKROOT; };
		0400C0EC1CACD85600DEF862 /* AssetsLibrary.framework */ = {isa = PBXFileReference; lastKnownFileType = wrapper.framework; name = AssetsLibrary.framework; path = System/Library/Frameworks/AssetsLibrary.framework; sourceTree = SDKROOT; };
		0400C11A1CACF15100DEF862 /* GetAccountPlugin.h */ = {isa = PBXFileReference; fileEncoding = 4; lastKnownFileType = sourcecode.c.h; path = GetAccountPlugin.h; sourceTree = "<group>"; };
		0400C11B1CACF15100DEF862 /* GetAccountPlugin.m */ = {isa = PBXFileReference; fileEncoding = 4; lastKnownFileType = sourcecode.c.objc; path = GetAccountPlugin.m; sourceTree = "<group>"; };
		0400C1221CACF28D00DEF862 /* www */ = {isa = PBXFileReference; lastKnownFileType = folder; path = www; sourceTree = "<group>"; };
		043322C91CABC7F600E2A1CA /* CordovaLearn.app */ = {isa = PBXFileReference; explicitFileType = wrapper.application; includeInIndex = 0; path = CordovaLearn.app; sourceTree = BUILT_PRODUCTS_DIR; };
		043322CD1CABC7F600E2A1CA /* main.m */ = {isa = PBXFileReference; lastKnownFileType = sourcecode.c.objc; path = main.m; sourceTree = "<group>"; };
		043322CF1CABC7F600E2A1CA /* AppDelegate.h */ = {isa = PBXFileReference; lastKnownFileType = sourcecode.c.h; path = AppDelegate.h; sourceTree = "<group>"; };
		043322D01CABC7F600E2A1CA /* AppDelegate.m */ = {isa = PBXFileReference; lastKnownFileType = sourcecode.c.objc; path = AppDelegate.m; sourceTree = "<group>"; };
		043322D21CABC7F600E2A1CA /* ViewController.h */ = {isa = PBXFileReference; lastKnownFileType = sourcecode.c.h; path = ViewController.h; sourceTree = "<group>"; };
		043322D31CABC7F600E2A1CA /* ViewController.m */ = {isa = PBXFileReference; lastKnownFileType = sourcecode.c.objc; path = ViewController.m; sourceTree = "<group>"; };
		043322D61CABC7F600E2A1CA /* Base */ = {isa = PBXFileReference; lastKnownFileType = file.storyboard; name = Base; path = Base.lproj/Main.storyboard; sourceTree = "<group>"; };
		043322D81CABC7F600E2A1CA /* Assets.xcassets */ = {isa = PBXFileReference; lastKnownFileType = folder.assetcatalog; path = Assets.xcassets; sourceTree = "<group>"; };
		043322DB1CABC7F600E2A1CA /* Base */ = {isa = PBXFileReference; lastKnownFileType = file.storyboard; name = Base; path = Base.lproj/LaunchScreen.storyboard; sourceTree = "<group>"; };
		043322DD1CABC7F600E2A1CA /* Info.plist */ = {isa = PBXFileReference; lastKnownFileType = text.plist.xml; path = Info.plist; sourceTree = "<group>"; };
		043322E21CABC7F600E2A1CA /* CordovaLearnTests.xctest */ = {isa = PBXFileReference; explicitFileType = wrapper.cfbundle; includeInIndex = 0; path = CordovaLearnTests.xctest; sourceTree = BUILT_PRODUCTS_DIR; };
		043322E61CABC7F600E2A1CA /* CordovaLearnTests.m */ = {isa = PBXFileReference; lastKnownFileType = sourcecode.c.objc; path = CordovaLearnTests.m; sourceTree = "<group>"; };
		043322E81CABC7F600E2A1CA /* Info.plist */ = {isa = PBXFileReference; lastKnownFileType = text.plist.xml; path = Info.plist; sourceTree = "<group>"; };
		043322ED1CABC7F600E2A1CA /* CordovaLearnUITests.xctest */ = {isa = PBXFileReference; explicitFileType = wrapper.cfbundle; includeInIndex = 0; path = CordovaLearnUITests.xctest; sourceTree = BUILT_PRODUCTS_DIR; };
		043322F11CABC7F600E2A1CA /* CordovaLearnUITests.m */ = {isa = PBXFileReference; lastKnownFileType = sourcecode.c.objc; path = CordovaLearnUITests.m; sourceTree = "<group>"; };
		043322F31CABC7F600E2A1CA /* Info.plist */ = {isa = PBXFileReference; lastKnownFileType = text.plist.xml; path = Info.plist; sourceTree = "<group>"; };
/* End PBXFileReference section */

/* Begin PBXFrameworksBuildPhase section */
		043322C61CABC7F600E2A1CA /* Frameworks */ = {
			isa = PBXFrameworksBuildPhase;
			buildActionMask = 2147483647;
			files = (
				0400C0ED1CACD85600DEF862 /* AssetsLibrary.framework in Frameworks */,
				0400C0EB1CACD84D00DEF862 /* MobileCoreServices.framework in Frameworks */,
				0400C0E91CACD84200DEF862 /* libCordova.a in Frameworks */,
			);
			runOnlyForDeploymentPostprocessing = 0;
		};
		043322DF1CABC7F600E2A1CA /* Frameworks */ = {
			isa = PBXFrameworksBuildPhase;
			buildActionMask = 2147483647;
			files = (
			);
			runOnlyForDeploymentPostprocessing = 0;
		};
		043322EA1CABC7F600E2A1CA /* Frameworks */ = {
			isa = PBXFrameworksBuildPhase;
			buildActionMask = 2147483647;
			files = (
			);
			runOnlyForDeploymentPostprocessing = 0;
		};
/* End PBXFrameworksBuildPhase section */

/* Begin PBXGroup section */
		0400C0C91CACD2CD00DEF862 /* Products */ = {
			isa = PBXGroup;
			children = (
				0400C0CD1CACD2CD00DEF862 /* libCordova.a */,
			);
			name = Products;
			sourceTree = "<group>";
		};
		043322C01CABC7F600E2A1CA = {
			isa = PBXGroup;
			children = (
				0400C1221CACF28D00DEF862 /* www */,
				0400C0EC1CACD85600DEF862 /* AssetsLibrary.framework */,
				0400C0EA1CACD84D00DEF862 /* MobileCoreServices.framework */,
				0400C0E31CACD51100DEF862 /* config.xml */,
				0400C0C81CACD2CD00DEF862 /* CordovaLib.xcodeproj */,
				043322CB1CABC7F600E2A1CA /* CordovaLearn */,
				043322E51CABC7F600E2A1CA /* CordovaLearnTests */,
				043322F01CABC7F600E2A1CA /* CordovaLearnUITests */,
				043322CA1CABC7F600E2A1CA /* Products */,
			);
			sourceTree = "<group>";
		};
		043322CA1CABC7F600E2A1CA /* Products */ = {
			isa = PBXGroup;
			children = (
				043322C91CABC7F600E2A1CA /* CordovaLearn.app */,
				043322E21CABC7F600E2A1CA /* CordovaLearnTests.xctest */,
				043322ED1CABC7F600E2A1CA /* CordovaLearnUITests.xctest */,
			);
			name = Products;
			sourceTree = "<group>";
		};
		043322CB1CABC7F600E2A1CA /* CordovaLearn */ = {
			isa = PBXGroup;
			children = (
				043322CF1CABC7F600E2A1CA /* AppDelegate.h */,
				043322D01CABC7F600E2A1CA /* AppDelegate.m */,
				043322D21CABC7F600E2A1CA /* ViewController.h */,
				043322D31CABC7F600E2A1CA /* ViewController.m */,
				0400C11A1CACF15100DEF862 /* GetAccountPlugin.h */,
				0400C11B1CACF15100DEF862 /* GetAccountPlugin.m */,
				043322D51CABC7F600E2A1CA /* Main.storyboard */,
				043322D81CABC7F600E2A1CA /* Assets.xcassets */,
				043322DA1CABC7F600E2A1CA /* LaunchScreen.storyboard */,
				043322DD1CABC7F600E2A1CA /* Info.plist */,
				043322CC1CABC7F600E2A1CA /* Supporting Files */,
			);
			path = CordovaLearn;
			sourceTree = "<group>";
		};
		043322CC1CABC7F600E2A1CA /* Supporting Files */ = {
			isa = PBXGroup;
			children = (
				043322CD1CABC7F600E2A1CA /* main.m */,
			);
			name = "Supporting Files";
			sourceTree = "<group>";
		};
		043322E51CABC7F600E2A1CA /* CordovaLearnTests */ = {
			isa = PBXGroup;
			children = (
				043322E61CABC7F600E2A1CA /* CordovaLearnTests.m */,
				043322E81CABC7F600E2A1CA /* Info.plist */,
			);
			path = CordovaLearnTests;
			sourceTree = "<group>";
		};
		043322F01CABC7F600E2A1CA /* CordovaLearnUITests */ = {
			isa = PBXGroup;
			children = (
				043322F11CABC7F600E2A1CA /* CordovaLearnUITests.m */,
				043322F31CABC7F600E2A1CA /* Info.plist */,
			);
			path = CordovaLearnUITests;
			sourceTree = "<group>";
		};
/* End PBXGroup section */

/* Begin PBXNativeTarget section */
		043322C81CABC7F600E2A1CA /* CordovaLearn */ = {
			isa = PBXNativeTarget;
			buildConfigurationList = 043322F61CABC7F600E2A1CA /* Build configuration list for PBXNativeTarget "CordovaLearn" */;
			buildPhases = (
				043322C51CABC7F600E2A1CA /* Sources */,
				043322C61CABC7F600E2A1CA /* Frameworks */,
				043322C71CABC7F600E2A1CA /* Resources */,
				0400C0E51CACD58F00DEF862 /* copy www directory */,
			);
			buildRules = (
			);
			dependencies = (
				0400C0E81CACD83100DEF862 /* PBXTargetDependency */,
			);
			name = CordovaLearn;
			productName = CordovaLearn;
			productReference = 043322C91CABC7F600E2A1CA /* CordovaLearn.app */;
			productType = "com.apple.product-type.application";
		};
		043322E11CABC7F600E2A1CA /* CordovaLearnTests */ = {
			isa = PBXNativeTarget;
			buildConfigurationList = 043322F91CABC7F600E2A1CA /* Build configuration list for PBXNativeTarget "CordovaLearnTests" */;
			buildPhases = (
				043322DE1CABC7F600E2A1CA /* Sources */,
				043322DF1CABC7F600E2A1CA /* Frameworks */,
				043322E01CABC7F600E2A1CA /* Resources */,
			);
			buildRules = (
			);
			dependencies = (
				043322E41CABC7F600E2A1CA /* PBXTargetDependency */,
			);
			name = CordovaLearnTests;
			productName = CordovaLearnTests;
			productReference = 043322E21CABC7F600E2A1CA /* CordovaLearnTests.xctest */;
			productType = "com.apple.product-type.bundle.unit-test";
		};
		043322EC1CABC7F600E2A1CA /* CordovaLearnUITests */ = {
			isa = PBXNativeTarget;
			buildConfigurationList = 043322FC1CABC7F600E2A1CA /* Build configuration list for PBXNativeTarget "CordovaLearnUITests" */;
			buildPhases = (
				043322E91CABC7F600E2A1CA /* Sources */,
				043322EA1CABC7F600E2A1CA /* Frameworks */,
				043322EB1CABC7F600E2A1CA /* Resources */,
			);
			buildRules = (
			);
			dependencies = (
				043322EF1CABC7F600E2A1CA /* PBXTargetDependency */,
			);
			name = CordovaLearnUITests;
			productName = CordovaLearnUITests;
			productReference = 043322ED1CABC7F600E2A1CA /* CordovaLearnUITests.xctest */;
			productType = "com.apple.product-type.bundle.ui-testing";
		};
/* End PBXNativeTarget section */

/* Begin PBXProject section */
		043322C11CABC7F600E2A1CA /* Project object */ = {
			isa = PBXProject;
			attributes = {
				LastUpgradeCheck = 0730;
				ORGANIZATIONNAME = chenzuo;
				TargetAttributes = {
					043322C81CABC7F600E2A1CA = {
						CreatedOnToolsVersion = 7.3;
					};
					043322E11CABC7F600E2A1CA = {
						CreatedOnToolsVersion = 7.3;
						TestTargetID = 043322C81CABC7F600E2A1CA;
					};
					043322EC1CABC7F600E2A1CA = {
						CreatedOnToolsVersion = 7.3;
						TestTargetID = 043322C81CABC7F600E2A1CA;
					};
				};
			};
			buildConfigurationList = 043322C41CABC7F600E2A1CA /* Build configuration list for PBXProject "CordovaLearn" */;
			compatibilityVersion = "Xcode 3.2";
			developmentRegion = English;
			hasScannedForEncodings = 0;
			knownRegions = (
				en,
				Base,
			);
			mainGroup = 043322C01CABC7F600E2A1CA;
			productRefGroup = 043322CA1CABC7F600E2A1CA /* Products */;
			projectDirPath = "";
			projectReferences = (
				{
					ProductGroup = 0400C0C91CACD2CD00DEF862 /* Products */;
					ProjectRef = 0400C0C81CACD2CD00DEF862 /* CordovaLib.xcodeproj */;
				},
			);
			projectRoot = "";
			targets = (
				043322C81CABC7F600E2A1CA /* CordovaLearn */,
				043322E11CABC7F600E2A1CA /* CordovaLearnTests */,
				043322EC1CABC7F600E2A1CA /* CordovaLearnUITests */,
			);
		};
/* End PBXProject section */

/* Begin PBXReferenceProxy section */
		0400C0CD1CACD2CD00DEF862 /* libCordova.a */ = {
			isa = PBXReferenceProxy;
			fileType = archive.ar;
			path = libCordova.a;
			remoteRef = 0400C0CC1CACD2CD00DEF862 /* PBXContainerItemProxy */;
			sourceTree = BUILT_PRODUCTS_DIR;
		};
/* End PBXReferenceProxy section */

/* Begin PBXResourcesBuildPhase section */
		043322C71CABC7F600E2A1CA /* Resources */ = {
			isa = PBXResourcesBuildPhase;
			buildActionMask = 2147483647;
			files = (
				043322DC1CABC7F600E2A1CA /* LaunchScreen.storyboard in Resources */,
				0400C0E41CACD51100DEF862 /* config.xml in Resources */,
				043322D91CABC7F600E2A1CA /* Assets.xcassets in Resources */,
				0400C1231CACF28D00DEF862 /* www in Resources */,
				043322D71CABC7F600E2A1CA /* Main.storyboard in Resources */,
			);
			runOnlyForDeploymentPostprocessing = 0;
		};
		043322E01CABC7F600E2A1CA /* Resources */ = {
			isa = PBXResourcesBuildPhase;
			buildActionMask = 2147483647;
			files = (
			);
			runOnlyForDeploymentPostprocessing = 0;
		};
		043322EB1CABC7F600E2A1CA /* Resources */ = {
			isa = PBXResourcesBuildPhase;
			buildActionMask = 2147483647;
			files = (
			);
			runOnlyForDeploymentPostprocessing = 0;
		};
/* End PBXResourcesBuildPhase section */

/* Begin PBXShellScriptBuildPhase section */
		0400C0E51CACD58F00DEF862 /* copy www directory */ = {
			isa = PBXShellScriptBuildPhase;
			buildActionMask = 2147483647;
			files = (
			);
			inputPaths = (
			);
			name = "copy www directory";
			outputPaths = (
			);
			runOnlyForDeploymentPostprocessing = 0;
			shellPath = /bin/sh;
			shellScript = "Type a script or drag a script file from your workspace to insert its path";
		};
/* End PBXShellScriptBuildPhase section */

/* Begin PBXSourcesBuildPhase section */
		043322C51CABC7F600E2A1CA /* Sources */ = {
			isa = PBXSourcesBuildPhase;
			buildActionMask = 2147483647;
			files = (
				0400C11C1CACF15100DEF862 /* GetAccountPlugin.m in Sources */,
				043322D41CABC7F600E2A1CA /* ViewController.m in Sources */,
				043322D11CABC7F600E2A1CA /* AppDelegate.m in Sources */,
				043322CE1CABC7F600E2A1CA /* main.m in Sources */,
			);
			runOnlyForDeploymentPostprocessing = 0;
		};
		043322DE1CABC7F600E2A1CA /* Sources */ = {
			isa = PBXSourcesBuildPhase;
			buildActionMask = 2147483647;
			files = (
				043322E71CABC7F600E2A1CA /* CordovaLearnTests.m in Sources */,
			);
			runOnlyForDeploymentPostprocessing = 0;
		};
		043322E91CABC7F600E2A1CA /* Sources */ = {
			isa = PBXSourcesBuildPhase;
			buildActionMask = 2147483647;
			files = (
				043322F21CABC7F600E2A1CA /* CordovaLearnUITests.m in Sources */,
			);
			runOnlyForDeploymentPostprocessing = 0;
		};
/* End PBXSourcesBuildPhase section */

/* Begin PBXTargetDependency section */
		0400C0E81CACD83100DEF862 /* PBXTargetDependency */ = {
			isa = PBXTargetDependency;
			name = CordovaLib;
			targetProxy = 0400C0E71CACD83100DEF862 /* PBXContainerItemProxy */;
		};
		043322E41CABC7F600E2A1CA /* PBXTargetDependency */ = {
			isa = PBXTargetDependency;
			target = 043322C81CABC7F600E2A1CA /* CordovaLearn */;
			targetProxy = 043322E31CABC7F600E2A1CA /* PBXContainerItemProxy */;
		};
		043322EF1CABC7F600E2A1CA /* PBXTargetDependency */ = {
			isa = PBXTargetDependency;
			target = 043322C81CABC7F600E2A1CA /* CordovaLearn */;
			targetProxy = 043322EE1CABC7F600E2A1CA /* PBXContainerItemProxy */;
		};
/* End PBXTargetDependency section */

/* Begin PBXVariantGroup section */
		043322D51CABC7F600E2A1CA /* Main.storyboard */ = {
			isa = PBXVariantGroup;
			children = (
				043322D61CABC7F600E2A1CA /* Base */,
			);
			name = Main.storyboard;
			sourceTree = "<group>";
		};
		043322DA1CABC7F600E2A1CA /* LaunchScreen.storyboard */ = {
			isa = PBXVariantGroup;
			children = (
				043322DB1CABC7F600E2A1CA /* Base */,
			);
			name = LaunchScreen.storyboard;
			sourceTree = "<group>";
		};
/* End PBXVariantGroup section */

/* Begin XCBuildConfiguration section */
		043322F41CABC7F600E2A1CA /* Debug */ = {
			isa = XCBuildConfiguration;
			buildSettings = {
				ALWAYS_SEARCH_USER_PATHS = NO;
				CLANG_ANALYZER_NONNULL = YES;
				CLANG_CXX_LANGUAGE_STANDARD = "gnu++0x";
				CLANG_CXX_LIBRARY = "libc++";
				CLANG_ENABLE_MODULES = YES;
				CLANG_ENABLE_OBJC_ARC = YES;
				CLANG_WARN_BOOL_CONVERSION = YES;
				CLANG_WARN_CONSTANT_CONVERSION = YES;
				CLANG_WARN_DIRECT_OBJC_ISA_USAGE = YES_ERROR;
				CLANG_WARN_EMPTY_BODY = YES;
				CLANG_WARN_ENUM_CONVERSION = YES;
				CLANG_WARN_INT_CONVERSION = YES;
				CLANG_WARN_OBJC_ROOT_CLASS = YES_ERROR;
				CLANG_WARN_UNREACHABLE_CODE = YES;
				CLANG_WARN__DUPLICATE_METHOD_MATCH = YES;
				"CODE_SIGN_IDENTITY[sdk=iphoneos*]" = "iPhone Developer";
				COPY_PHASE_STRIP = NO;
				DEBUG_INFORMATION_FORMAT = dwarf;
				ENABLE_STRICT_OBJC_MSGSEND = YES;
				ENABLE_TESTABILITY = YES;
				GCC_C_LANGUAGE_STANDARD = gnu99;
				GCC_DYNAMIC_NO_PIC = NO;
				GCC_NO_COMMON_BLOCKS = YES;
				GCC_OPTIMIZATION_LEVEL = 0;
				GCC_PREPROCESSOR_DEFINITIONS = (
					"DEBUG=1",
					"$(inherited)",
				);
				GCC_WARN_64_TO_32_BIT_CONVERSION = YES;
				GCC_WARN_ABOUT_RETURN_TYPE = YES_ERROR;
				GCC_WARN_UNDECLARED_SELECTOR = YES;
				GCC_WARN_UNINITIALIZED_AUTOS = YES_AGGRESSIVE;
				GCC_WARN_UNUSED_FUNCTION = YES;
				GCC_WARN_UNUSED_VARIABLE = YES;
				IPHONEOS_DEPLOYMENT_TARGET = 9.3;
				MTL_ENABLE_DEBUG_INFO = YES;
				ONLY_ACTIVE_ARCH = YES;
				SDKROOT = iphoneos;
				TARGETED_DEVICE_FAMILY = "1,2";
			};
			name = Debug;
		};
		043322F51CABC7F600E2A1CA /* Release */ = {
			isa = XCBuildConfiguration;
			buildSettings = {
				ALWAYS_SEARCH_USER_PATHS = NO;
				CLANG_ANALYZER_NONNULL = YES;
				CLANG_CXX_LANGUAGE_STANDARD = "gnu++0x";
				CLANG_CXX_LIBRARY = "libc++";
				CLANG_ENABLE_MODULES = YES;
				CLANG_ENABLE_OBJC_ARC = YES;
				CLANG_WARN_BOOL_CONVERSION = YES;
				CLANG_WARN_CONSTANT_CONVERSION = YES;
				CLANG_WARN_DIRECT_OBJC_ISA_USAGE = YES_ERROR;
				CLANG_WARN_EMPTY_BODY = YES;
				CLANG_WARN_ENUM_CONVERSION = YES;
				CLANG_WARN_INT_CONVERSION = YES;
				CLANG_WARN_OBJC_ROOT_CLASS = YES_ERROR;
				CLANG_WARN_UNREACHABLE_CODE = YES;
				CLANG_WARN__DUPLICATE_METHOD_MATCH = YES;
				"CODE_SIGN_IDENTITY[sdk=iphoneos*]" = "iPhone Developer";
				COPY_PHASE_STRIP = NO;
				DEBUG_INFORMATION_FORMAT = "dwarf-with-dsym";
				ENABLE_NS_ASSERTIONS = NO;
				ENABLE_STRICT_OBJC_MSGSEND = YES;
				GCC_C_LANGUAGE_STANDARD = gnu99;
				GCC_NO_COMMON_BLOCKS = YES;
				GCC_WARN_64_TO_32_BIT_CONVERSION = YES;
				GCC_WARN_ABOUT_RETURN_TYPE = YES_ERROR;
				GCC_WARN_UNDECLARED_SELECTOR = YES;
				GCC_WARN_UNINITIALIZED_AUTOS = YES_AGGRESSIVE;
				GCC_WARN_UNUSED_FUNCTION = YES;
				GCC_WARN_UNUSED_VARIABLE = YES;
				IPHONEOS_DEPLOYMENT_TARGET = 9.3;
				MTL_ENABLE_DEBUG_INFO = NO;
				SDKROOT = iphoneos;
				TARGETED_DEVICE_FAMILY = "1,2";
				VALIDATE_PRODUCT = YES;
			};
			name = Release;
		};
		043322F71CABC7F600E2A1CA /* Debug */ = {
			isa = XCBuildConfiguration;
			buildSettings = {
				ASSETCATALOG_COMPILER_APPICON_NAME = AppIcon;
				INFOPLIST_FILE = CordovaLearn/Info.plist;
				LD_RUNPATH_SEARCH_PATHS = "$(inherited) @executable_path/Frameworks";
				OTHER_LDFLAGS = (
					"-Objc",
					"-all_load",
				);
				PRODUCT_BUNDLE_IDENTIFIER = chenzuo.CordovaLearn;
				PRODUCT_NAME = "$(TARGET_NAME)";
			};
			name = Debug;
		};
		043322F81CABC7F600E2A1CA /* Release */ = {
			isa = XCBuildConfiguration;
			buildSettings = {
				ASSETCATALOG_COMPILER_APPICON_NAME = AppIcon;
				INFOPLIST_FILE = CordovaLearn/Info.plist;
				LD_RUNPATH_SEARCH_PATHS = "$(inherited) @executable_path/Frameworks";
				OTHER_LDFLAGS = (
					"-Objc",
					"-all_load",
				);
				PRODUCT_BUNDLE_IDENTIFIER = chenzuo.CordovaLearn;
				PRODUCT_NAME = "$(TARGET_NAME)";
			};
			name = Release;
		};
		043322FA1CABC7F600E2A1CA /* Debug */ = {
			isa = XCBuildConfiguration;
			buildSettings = {
				BUNDLE_LOADER = "$(TEST_HOST)";
				INFOPLIST_FILE = CordovaLearnTests/Info.plist;
				LD_RUNPATH_SEARCH_PATHS = "$(inherited) @executable_path/Frameworks @loader_path/Frameworks";
				PRODUCT_BUNDLE_IDENTIFIER = chenzuo.CordovaLearnTests;
				PRODUCT_NAME = "$(TARGET_NAME)";
				TEST_HOST = "$(BUILT_PRODUCTS_DIR)/CordovaLearn.app/CordovaLearn";
			};
			name = Debug;
		};
		043322FB1CABC7F600E2A1CA /* Release */ = {
			isa = XCBuildConfiguration;
			buildSettings = {
				BUNDLE_LOADER = "$(TEST_HOST)";
				INFOPLIST_FILE = CordovaLearnTests/Info.plist;
				LD_RUNPATH_SEARCH_PATHS = "$(inherited) @executable_path/Frameworks @loader_path/Frameworks";
				PRODUCT_BUNDLE_IDENTIFIER = chenzuo.CordovaLearnTests;
				PRODUCT_NAME = "$(TARGET_NAME)";
				TEST_HOST = "$(BUILT_PRODUCTS_DIR)/CordovaLearn.app/CordovaLearn";
			};
			name = Release;
		};
		043322FD1CABC7F600E2A1CA /* Debug */ = {
			isa = XCBuildConfiguration;
			buildSettings = {
				INFOPLIST_FILE = CordovaLearnUITests/Info.plist;
				LD_RUNPATH_SEARCH_PATHS = "$(inherited) @executable_path/Frameworks @loader_path/Frameworks";
				PRODUCT_BUNDLE_IDENTIFIER = chenzuo.CordovaLearnUITests;
				PRODUCT_NAME = "$(TARGET_NAME)";
				TEST_TARGET_NAME = CordovaLearn;
			};
			name = Debug;
		};
		043322FE1CABC7F600E2A1CA /* Release */ = {
			isa = XCBuildConfiguration;
			buildSettings = {
				INFOPLIST_FILE = CordovaLearnUITests/Info.plist;
				LD_RUNPATH_SEARCH_PATHS = "$(inherited) @executable_path/Frameworks @loader_path/Frameworks";
				PRODUCT_BUNDLE_IDENTIFIER = chenzuo.CordovaLearnUITests;
				PRODUCT_NAME = "$(TARGET_NAME)";
				TEST_TARGET_NAME = CordovaLearn;
			};
			name = Release;
		};
/* End XCBuildConfiguration section */

/* Begin XCConfigurationList section */
		043322C41CABC7F600E2A1CA /* Build configuration list for PBXProject "CordovaLearn" */ = {
			isa = XCConfigurationList;
			buildConfigurations = (
				043322F41CABC7F600E2A1CA /* Debug */,
				043322F51CABC7F600E2A1CA /* Release */,
			);
			defaultConfigurationIsVisible = 0;
			defaultConfigurationName = Release;
		};
		043322F61CABC7F600E2A1CA /* Build configuration list for PBXNativeTarget "CordovaLearn" */ = {
			isa = XCConfigurationList;
			buildConfigurations = (
				043322F71CABC7F600E2A1CA /* Debug */,
				043322F81CABC7F600E2A1CA /* Release */,
			);
			defaultConfigurationIsVisible = 0;
			defaultConfigurationName = Release;
		};
		043322F91CABC7F600E2A1CA /* Build configuration list for PBXNativeTarget "CordovaLearnTests" */ = {
			isa = XCConfigurationList;
			buildConfigurations = (
				043322FA1CABC7F600E2A1CA /* Debug */,
				043322FB1CABC7F600E2A1CA /* Release */,
			);
			defaultConfigurationIsVisible = 0;
			defaultConfigurationName = Release;
		};
		043322FC1CABC7F600E2A1CA /* Build configuration list for PBXNativeTarget "CordovaLearnUITests" */ = {
			isa = XCConfigurationList;
			buildConfigurations = (
				043322FD1CABC7F600E2A1CA /* Debug */,
				043322FE1CABC7F600E2A1CA /* Release */,
			);
			defaultConfigurationIsVisible = 0;
			defaultConfigurationName = Release;
		};
/* End XCConfigurationList section */
	};
	rootObject = 043322C11CABC7F600E2A1CA /* Project object */;
}
